// !$*UTF8*$!
{
	archiveVersion = 1;
	classes = {
	};
	objectVersion = 50;
	objects = {

/* Begin PBXBuildFile section */
		6A102DCE2136F11600833294 /* AppDelegate.swift in Sources */ = {isa = PBXBuildFile; fileRef = 6A102DCD2136F11600833294 /* AppDelegate.swift */; };
		6A102DD02136F11600833294 /* ViewController.swift in Sources */ = {isa = PBXBuildFile; fileRef = 6A102DCF2136F11600833294 /* ViewController.swift */; };
		6A102DD32136F11600833294 /* Main.storyboard in Resources */ = {isa = PBXBuildFile; fileRef = 6A102DD12136F11600833294 /* Main.storyboard */; };
		6A102DD52136F11800833294 /* Assets.xcassets in Resources */ = {isa = PBXBuildFile; fileRef = 6A102DD42136F11800833294 /* Assets.xcassets */; };
		6A102DD82136F11800833294 /* LaunchScreen.storyboard in Resources */ = {isa = PBXBuildFile; fileRef = 6A102DD62136F11800833294 /* LaunchScreen.storyboard */; };
		6A102DE32136F11900833294 /* CameraMotionLoggerTests.swift in Sources */ = {isa = PBXBuildFile; fileRef = 6A102DE22136F11900833294 /* CameraMotionLoggerTests.swift */; };
		6A102DEE2136F11900833294 /* CameraMotionLoggerUITests.swift in Sources */ = {isa = PBXBuildFile; fileRef = 6A102DED2136F11900833294 /* CameraMotionLoggerUITests.swift */; };
/* End PBXBuildFile section */

/* Begin PBXContainerItemProxy section */
		6A102DDF2136F11900833294 /* PBXContainerItemProxy */ = {
			isa = PBXContainerItemProxy;
			containerPortal = 6A102DC22136F11600833294 /* Project object */;
			proxyType = 1;
			remoteGlobalIDString = 6A102DC92136F11600833294;
			remoteInfo = CameraMotionLogger;
		};
		6A102DEA2136F11900833294 /* PBXContainerItemProxy */ = {
			isa = PBXContainerItemProxy;
			containerPortal = 6A102DC22136F11600833294 /* Project object */;
			proxyType = 1;
			remoteGlobalIDString = 6A102DC92136F11600833294;
			remoteInfo = CameraMotionLogger;
		};
/* End PBXContainerItemProxy section */

/* Begin PBXFileReference section */
		6A102DCA2136F11600833294 /* CameraMotionLogger.app */ = {isa = PBXFileReference; explicitFileType = wrapper.application; includeInIndex = 0; path = CameraMotionLogger.app; sourceTree = BUILT_PRODUCTS_DIR; };
		6A102DCD2136F11600833294 /* AppDelegate.swift */ = {isa = PBXFileReference; lastKnownFileType = sourcecode.swift; path = AppDelegate.swift; sourceTree = "<group>"; };
		6A102DCF2136F11600833294 /* ViewController.swift */ = {isa = PBXFileReference; lastKnownFileType = sourcecode.swift; path = ViewController.swift; sourceTree = "<group>"; };
		6A102DD22136F11600833294 /* Base */ = {isa = PBXFileReference; lastKnownFileType = file.storyboard; name = Base; path = Base.lproj/Main.storyboard; sourceTree = "<group>"; };
		6A102DD42136F11800833294 /* Assets.xcassets */ = {isa = PBXFileReference; lastKnownFileType = folder.assetcatalog; path = Assets.xcassets; sourceTree = "<group>"; };
		6A102DD72136F11800833294 /* Base */ = {isa = PBXFileReference; lastKnownFileType = file.storyboard; name = Base; path = Base.lproj/LaunchScreen.storyboard; sourceTree = "<group>"; };
		6A102DD92136F11800833294 /* Info.plist */ = {isa = PBXFileReference; lastKnownFileType = text.plist.xml; path = Info.plist; sourceTree = "<group>"; };
		6A102DDE2136F11900833294 /* CameraMotionLoggerTests.xctest */ = {isa = PBXFileReference; explicitFileType = wrapper.cfbundle; includeInIndex = 0; path = CameraMotionLoggerTests.xctest; sourceTree = BUILT_PRODUCTS_DIR; };
		6A102DE22136F11900833294 /* CameraMotionLoggerTests.swift */ = {isa = PBXFileReference; lastKnownFileType = sourcecode.swift; path = CameraMotionLoggerTests.swift; sourceTree = "<group>"; };
		6A102DE42136F11900833294 /* Info.plist */ = {isa = PBXFileReference; lastKnownFileType = text.plist.xml; path = Info.plist; sourceTree = "<group>"; };
		6A102DE92136F11900833294 /* CameraMotionLoggerUITests.xctest */ = {isa = PBXFileReference; explicitFileType = wrapper.cfbundle; includeInIndex = 0; path = CameraMotionLoggerUITests.xctest; sourceTree = BUILT_PRODUCTS_DIR; };
		6A102DED2136F11900833294 /* CameraMotionLoggerUITests.swift */ = {isa = PBXFileReference; lastKnownFileType = sourcecode.swift; path = CameraMotionLoggerUITests.swift; sourceTree = "<group>"; };
		6A102DEF2136F11900833294 /* Info.plist */ = {isa = PBXFileReference; lastKnownFileType = text.plist.xml; path = Info.plist; sourceTree = "<group>"; };
/* End PBXFileReference section */

/* Begin PBXFrameworksBuildPhase section */
		6A102DC72136F11600833294 /* Frameworks */ = {
			isa = PBXFrameworksBuildPhase;
			buildActionMask = 2147483647;
			files = (
			);
			runOnlyForDeploymentPostprocessing = 0;
		};
		6A102DDB2136F11900833294 /* Frameworks */ = {
			isa = PBXFrameworksBuildPhase;
			buildActionMask = 2147483647;
			files = (
			);
			runOnlyForDeploymentPostprocessing = 0;
		};
		6A102DE62136F11900833294 /* Frameworks */ = {
			isa = PBXFrameworksBuildPhase;
			buildActionMask = 2147483647;
			files = (
			);
			runOnlyForDeploymentPostprocessing = 0;
		};
/* End PBXFrameworksBuildPhase section */

/* Begin PBXGroup section */
		6A102DC12136F11600833294 = {
			isa = PBXGroup;
			children = (
				6A102DCC2136F11600833294 /* CameraMotionLogger */,
				6A102DE12136F11900833294 /* CameraMotionLoggerTests */,
				6A102DEC2136F11900833294 /* CameraMotionLoggerUITests */,
				6A102DCB2136F11600833294 /* Products */,
			);
			sourceTree = "<group>";
		};
		6A102DCB2136F11600833294 /* Products */ = {
			isa = PBXGroup;
			children = (
				6A102DCA2136F11600833294 /* CameraMotionLogger.app */,
				6A102DDE2136F11900833294 /* CameraMotionLoggerTests.xctest */,
				6A102DE92136F11900833294 /* CameraMotionLoggerUITests.xctest */,
			);
			name = Products;
			sourceTree = "<group>";
		};
		6A102DCC2136F11600833294 /* CameraMotionLogger */ = {
			isa = PBXGroup;
			children = (
				6A102DCD2136F11600833294 /* AppDelegate.swift */,
				6A102DCF2136F11600833294 /* ViewController.swift */,
				6A102DD12136F11600833294 /* Main.storyboard */,
				6A102DD42136F11800833294 /* Assets.xcassets */,
				6A102DD62136F11800833294 /* LaunchScreen.storyboard */,
				6A102DD92136F11800833294 /* Info.plist */,
			);
			path = CameraMotionLogger;
			sourceTree = "<group>";
		};
		6A102DE12136F11900833294 /* CameraMotionLoggerTests */ = {
			isa = PBXGroup;
			children = (
				6A102DE22136F11900833294 /* CameraMotionLoggerTests.swift */,
				6A102DE42136F11900833294 /* Info.plist */,
			);
			path = CameraMotionLoggerTests;
			sourceTree = "<group>";
		};
		6A102DEC2136F11900833294 /* CameraMotionLoggerUITests */ = {
			isa = PBXGroup;
			children = (
				6A102DED2136F11900833294 /* CameraMotionLoggerUITests.swift */,
				6A102DEF2136F11900833294 /* Info.plist */,
			);
			path = CameraMotionLoggerUITests;
			sourceTree = "<group>";
		};
/* End PBXGroup section */

/* Begin PBXNativeTarget section */
		6A102DC92136F11600833294 /* CameraMotionLogger */ = {
			isa = PBXNativeTarget;
			buildConfigurationList = 6A102DF22136F11900833294 /* Build configuration list for PBXNativeTarget "CameraMotionLogger" */;
			buildPhases = (
				6A102DC62136F11600833294 /* Sources */,
				6A102DC72136F11600833294 /* Frameworks */,
				6A102DC82136F11600833294 /* Resources */,
			);
			buildRules = (
			);
			dependencies = (
			);
			name = CameraMotionLogger;
			productName = CameraMotionLogger;
			productReference = 6A102DCA2136F11600833294 /* CameraMotionLogger.app */;
			productType = "com.apple.product-type.application";
		};
		6A102DDD2136F11900833294 /* CameraMotionLoggerTests */ = {
			isa = PBXNativeTarget;
			buildConfigurationList = 6A102DF52136F11900833294 /* Build configuration list for PBXNativeTarget "CameraMotionLoggerTests" */;
			buildPhases = (
				6A102DDA2136F11900833294 /* Sources */,
				6A102DDB2136F11900833294 /* Frameworks */,
				6A102DDC2136F11900833294 /* Resources */,
			);
			buildRules = (
			);
			dependencies = (
				6A102DE02136F11900833294 /* PBXTargetDependency */,
			);
			name = CameraMotionLoggerTests;
			productName = CameraMotionLoggerTests;
			productReference = 6A102DDE2136F11900833294 /* CameraMotionLoggerTests.xctest */;
			productType = "com.apple.product-type.bundle.unit-test";
		};
		6A102DE82136F11900833294 /* CameraMotionLoggerUITests */ = {
			isa = PBXNativeTarget;
			buildConfigurationList = 6A102DF82136F11900833294 /* Build configuration list for PBXNativeTarget "CameraMotionLoggerUITests" */;
			buildPhases = (
				6A102DE52136F11900833294 /* Sources */,
				6A102DE62136F11900833294 /* Frameworks */,
				6A102DE72136F11900833294 /* Resources */,
			);
			buildRules = (
			);
			dependencies = (
				6A102DEB2136F11900833294 /* PBXTargetDependency */,
			);
			name = CameraMotionLoggerUITests;
			productName = CameraMotionLoggerUITests;
			productReference = 6A102DE92136F11900833294 /* CameraMotionLoggerUITests.xctest */;
			productType = "com.apple.product-type.bundle.ui-testing";
		};
/* End PBXNativeTarget section */

/* Begin PBXProject section */
		6A102DC22136F11600833294 /* Project object */ = {
			isa = PBXProject;
			attributes = {
				LastSwiftUpdateCheck = 0940;
				LastUpgradeCheck = 0940;
				ORGANIZATIONNAME = "Hastings Greer";
				TargetAttributes = {
					6A102DC92136F11600833294 = {
						CreatedOnToolsVersion = 9.4.1;
					};
					6A102DDD2136F11900833294 = {
						CreatedOnToolsVersion = 9.4.1;
						TestTargetID = 6A102DC92136F11600833294;
					};
					6A102DE82136F11900833294 = {
						CreatedOnToolsVersion = 9.4.1;
						TestTargetID = 6A102DC92136F11600833294;
					};
				};
			};
			buildConfigurationList = 6A102DC52136F11600833294 /* Build configuration list for PBXProject "CameraMotionLogger" */;
			compatibilityVersion = "Xcode 9.3";
			developmentRegion = en;
			hasScannedForEncodings = 0;
			knownRegions = (
				en,
				Base,
			);
			mainGroup = 6A102DC12136F11600833294;
			productRefGroup = 6A102DCB2136F11600833294 /* Products */;
			projectDirPath = "";
			projectRoot = "";
			targets = (
				6A102DC92136F11600833294 /* CameraMotionLogger */,
				6A102DDD2136F11900833294 /* CameraMotionLoggerTests */,
				6A102DE82136F11900833294 /* CameraMotionLoggerUITests */,
			);
		};
/* End PBXProject section */

/* Begin PBXResourcesBuildPhase section */
		6A102DC82136F11600833294 /* Resources */ = {
			isa = PBXResourcesBuildPhase;
			buildActionMask = 2147483647;
			files = (
				6A102DD82136F11800833294 /* LaunchScreen.storyboard in Resources */,
				6A102DD52136F11800833294 /* Assets.xcassets in Resources */,
				6A102DD32136F11600833294 /* Main.storyboard in Resources */,
			);
			runOnlyForDeploymentPostprocessing = 0;
		};
		6A102DDC2136F11900833294 /* Resources */ = {
			isa = PBXResourcesBuildPhase;
			buildActionMask = 2147483647;
			files = (
			);
			runOnlyForDeploymentPostprocessing = 0;
		};
		6A102DE72136F11900833294 /* Resources */ = {
			isa = PBXResourcesBuildPhase;
			buildActionMask = 2147483647;
			files = (
			);
			runOnlyForDeploymentPostprocessing = 0;
		};
/* End PBXResourcesBuildPhase section */

/* Begin PBXSourcesBuildPhase section */
		6A102DC62136F11600833294 /* Sources */ = {
			isa = PBXSourcesBuildPhase;
			buildActionMask = 2147483647;
			files = (
				6A102DD02136F11600833294 /* ViewController.swift in Sources */,
				6A102DCE2136F11600833294 /* AppDelegate.swift in Sources */,
			);
			runOnlyForDeploymentPostprocessing = 0;
		};
		6A102DDA2136F11900833294 /* Sources */ = {
			isa = PBXSourcesBuildPhase;
			buildActionMask = 2147483647;
			files = (
				6A102DE32136F11900833294 /* CameraMotionLoggerTests.swift in Sources */,
			);
			runOnlyForDeploymentPostprocessing = 0;
		};
		6A102DE52136F11900833294 /* Sources */ = {
			isa = PBXSourcesBuildPhase;
			buildActionMask = 2147483647;
			files = (
				6A102DEE2136F11900833294 /* CameraMotionLoggerUITests.swift in Sources */,
			);
			runOnlyForDeploymentPostprocessing = 0;
		};
/* End PBXSourcesBuildPhase section */

/* Begin PBXTargetDependency section */
		6A102DE02136F11900833294 /* PBXTargetDependency */ = {
			isa = PBXTargetDependency;
			target = 6A102DC92136F11600833294 /* CameraMotionLogger */;
			targetProxy = 6A102DDF2136F11900833294 /* PBXContainerItemProxy */;
		};
		6A102DEB2136F11900833294 /* PBXTargetDependency */ = {
			isa = PBXTargetDependency;
			target = 6A102DC92136F11600833294 /* CameraMotionLogger */;
			targetProxy = 6A102DEA2136F11900833294 /* PBXContainerItemProxy */;
		};
/* End PBXTargetDependency section */

/* Begin PBXVariantGroup section */
		6A102DD12136F11600833294 /* Main.storyboard */ = {
			isa = PBXVariantGroup;
			children = (
				6A102DD22136F11600833294 /* Base */,
			);
			name = Main.storyboard;
			sourceTree = "<group>";
		};
		6A102DD62136F11800833294 /* LaunchScreen.storyboard */ = {
			isa = PBXVariantGroup;
			children = (
				6A102DD72136F11800833294 /* Base */,
			);
			name = LaunchScreen.storyboard;
			sourceTree = "<group>";
		};
/* End PBXVariantGroup section */

/* Begin XCBuildConfiguration section */
		6A102DF02136F11900833294 /* Debug */ = {
			isa = XCBuildConfiguration;
			buildSettings = {
				ALWAYS_SEARCH_USER_PATHS = NO;
				CLANG_ANALYZER_NONNULL = YES;
				CLANG_ANALYZER_NUMBER_OBJECT_CONVERSION = YES_AGGRESSIVE;
				CLANG_CXX_LANGUAGE_STANDARD = "gnu++14";
				CLANG_CXX_LIBRARY = "libc++";
				CLANG_ENABLE_MODULES = YES;
				CLANG_ENABLE_OBJC_ARC = YES;
				CLANG_ENABLE_OBJC_WEAK = YES;
				CLANG_WARN_BLOCK_CAPTURE_AUTORELEASING = YES;
				CLANG_WARN_BOOL_CONVERSION = YES;
				CLANG_WARN_COMMA = YES;
				CLANG_WARN_CONSTANT_CONVERSION = YES;
				CLANG_WARN_DEPRECATED_OBJC_IMPLEMENTATIONS = YES;
				CLANG_WARN_DIRECT_OBJC_ISA_USAGE = YES_ERROR;
				CLANG_WARN_DOCUMENTATION_COMMENTS = YES;
				CLANG_WARN_EMPTY_BODY = YES;
				CLANG_WARN_ENUM_CONVERSION = YES;
				CLANG_WARN_INFINITE_RECURSION = YES;
				CLANG_WARN_INT_CONVERSION = YES;
				CLANG_WARN_NON_LITERAL_NULL_CONVERSION = YES;
				CLANG_WARN_OBJC_IMPLICIT_RETAIN_SELF = YES;
				CLANG_WARN_OBJC_LITERAL_CONVERSION = YES;
				CLANG_WARN_OBJC_ROOT_CLASS = YES_ERROR;
				CLANG_WARN_RANGE_LOOP_ANALYSIS = YES;
				CLANG_WARN_STRICT_PROTOTYPES = YES;
				CLANG_WARN_SUSPICIOUS_MOVE = YES;
				CLANG_WARN_UNGUARDED_AVAILABILITY = YES_AGGRESSIVE;
				CLANG_WARN_UNREACHABLE_CODE = YES;
				CLANG_WARN__DUPLICATE_METHOD_MATCH = YES;
				CODE_SIGN_IDENTITY = "iPhone Developer";
				COPY_PHASE_STRIP = NO;
				DEBUG_INFORMATION_FORMAT = dwarf;
				ENABLE_STRICT_OBJC_MSGSEND = YES;
				ENABLE_TESTABILITY = YES;
				GCC_C_LANGUAGE_STANDARD = gnu11;
				GCC_DYNAMIC_NO_PIC = NO;
				GCC_NO_COMMON_BLOCKS = YES;
				GCC_OPTIMIZATION_LEVEL = 0;
				GCC_PREPROCESSOR_DEFINITIONS = (
					"DEBUG=1",
					"$(inherited)",
				);
				GCC_WARN_64_TO_32_BIT_CONVERSION = YES;
				GCC_WARN_ABOUT_RETURN_TYPE = YES_ERROR;
				GCC_WARN_UNDECLARED_SELECTOR = YES;
				GCC_WARN_UNINITIALIZED_AUTOS = YES_AGGRESSIVE;
				GCC_WARN_UNUSED_FUNCTION = YES;
				GCC_WARN_UNUSED_VARIABLE = YES;
				IPHONEOS_DEPLOYMENT_TARGET = 11.4;
				MTL_ENABLE_DEBUG_INFO = YES;
				ONLY_ACTIVE_ARCH = YES;
				SDKROOT = iphoneos;
				SWIFT_ACTIVE_COMPILATION_CONDITIONS = DEBUG;
				SWIFT_OPTIMIZATION_LEVEL = "-Onone";
			};
			name = Debug;
		};
		6A102DF12136F11900833294 /* Release */ = {
			isa = XCBuildConfiguration;
			buildSettings = {
				ALWAYS_SEARCH_USER_PATHS = NO;
				CLANG_ANALYZER_NONNULL = YES;
				CLANG_ANALYZER_NUMBER_OBJECT_CONVERSION = YES_AGGRESSIVE;
				CLANG_CXX_LANGUAGE_STANDARD = "gnu++14";
				CLANG_CXX_LIBRARY = "libc++";
				CLANG_ENABLE_MODULES = YES;
				CLANG_ENABLE_OBJC_ARC = YES;
				CLANG_ENABLE_OBJC_WEAK = YES;
				CLANG_WARN_BLOCK_CAPTURE_AUTORELEASING = YES;
				CLANG_WARN_BOOL_CONVERSION = YES;
				CLANG_WARN_COMMA = YES;
				CLANG_WARN_CONSTANT_CONVERSION = YES;
				CLANG_WARN_DEPRECATED_OBJC_IMPLEMENTATIONS = YES;
				CLANG_WARN_DIRECT_OBJC_ISA_USAGE = YES_ERROR;
				CLANG_WARN_DOCUMENTATION_COMMENTS = YES;
				CLANG_WARN_EMPTY_BODY = YES;
				CLANG_WARN_ENUM_CONVERSION = YES;
				CLANG_WARN_INFINITE_RECURSION = YES;
				CLANG_WARN_INT_CONVERSION = YES;
				CLANG_WARN_NON_LITERAL_NULL_CONVERSION = YES;
				CLANG_WARN_OBJC_IMPLICIT_RETAIN_SELF = YES;
				CLANG_WARN_OBJC_LITERAL_CONVERSION = YES;
				CLANG_WARN_OBJC_ROOT_CLASS = YES_ERROR;
				CLANG_WARN_RANGE_LOOP_ANALYSIS = YES;
				CLANG_WARN_STRICT_PROTOTYPES = YES;
				CLANG_WARN_SUSPICIOUS_MOVE = YES;
				CLANG_WARN_UNGUARDED_AVAILABILITY = YES_AGGRESSIVE;
				CLANG_WARN_UNREACHABLE_CODE = YES;
				CLANG_WARN__DUPLICATE_METHOD_MATCH = YES;
				CODE_SIGN_IDENTITY = "iPhone Developer";
				COPY_PHASE_STRIP = NO;
				DEBUG_INFORMATION_FORMAT = "dwarf-with-dsym";
				ENABLE_NS_ASSERTIONS = NO;
				ENABLE_STRICT_OBJC_MSGSEND = YES;
				GCC_C_LANGUAGE_STANDARD = gnu11;
				GCC_NO_COMMON_BLOCKS = YES;
				GCC_WARN_64_TO_32_BIT_CONVERSION = YES;
				GCC_WARN_ABOUT_RETURN_TYPE = YES_ERROR;
				GCC_WARN_UNDECLARED_SELECTOR = YES;
				GCC_WARN_UNINITIALIZED_AUTOS = YES_AGGRESSIVE;
				GCC_WARN_UNUSED_FUNCTION = YES;
				GCC_WARN_UNUSED_VARIABLE = YES;
				IPHONEOS_DEPLOYMENT_TARGET = 11.4;
				MTL_ENABLE_DEBUG_INFO = NO;
				SDKROOT = iphoneos;
				SWIFT_COMPILATION_MODE = wholemodule;
				SWIFT_OPTIMIZATION_LEVEL = "-O";
				VALIDATE_PRODUCT = YES;
			};
			name = Release;
		};
		6A102DF32136F11900833294 /* Debug */ = {
			isa = XCBuildConfiguration;
			buildSettings = {
				ASSETCATALOG_COMPILER_APPICON_NAME = AppIcon;
				CODE_SIGN_STYLE = Automatic;
				DEVELOPMENT_TEAM = N6N8CYNMB4;
				INFOPLIST_FILE = CameraMotionLogger/Info.plist;
				LD_RUNPATH_SEARCH_PATHS = (
					"$(inherited)",
					"@executable_path/Frameworks",
				);
				PRODUCT_BUNDLE_IDENTIFIER = Kitware.CameraMotionLogger;
				PRODUCT_NAME = "$(TARGET_NAME)";
				SWIFT_VERSION = 4.0;
				TARGETED_DEVICE_FAMILY = "1,2";
			};
			name = Debug;
		};
		6A102DF42136F11900833294 /* Release */ = {
			isa = XCBuildConfiguration;
			buildSettings = {
				ASSETCATALOG_COMPILER_APPICON_NAME = AppIcon;
				CODE_SIGN_STYLE = Automatic;
				DEVELOPMENT_TEAM = N6N8CYNMB4;
				INFOPLIST_FILE = CameraMotionLogger/Info.plist;
				LD_RUNPATH_SEARCH_PATHS = (
					"$(inherited)",
					"@executable_path/Frameworks",
				);
				PRODUCT_BUNDLE_IDENTIFIER = Kitware.CameraMotionLogger;
				PRODUCT_NAME = "$(TARGET_NAME)";
				SWIFT_VERSION = 4.0;
				TARGETED_DEVICE_FAMILY = "1,2";
			};
			name = Release;
		};
		6A102DF62136F11900833294 /* Debug */ = {
			isa = XCBuildConfiguration;
			buildSettings = {
				ALWAYS_EMBED_SWIFT_STANDARD_LIBRARIES = YES;
				BUNDLE_LOADER = "$(TEST_HOST)";
				CODE_SIGN_STYLE = Automatic;
				DEVELOPMENT_TEAM = N6N8CYNMB4;
				INFOPLIST_FILE = CameraMotionLoggerTests/Info.plist;
				LD_RUNPATH_SEARCH_PATHS = (
					"$(inherited)",
					"@executable_path/Frameworks",
					"@loader_path/Frameworks",
				);
				PRODUCT_BUNDLE_IDENTIFIER = Kitware.CameraMotionLoggerTests;
				PRODUCT_NAME = "$(TARGET_NAME)";
				SWIFT_VERSION = 4.0;
				TARGETED_DEVICE_FAMILY = "1,2";
				TEST_HOST = "$(BUILT_PRODUCTS_DIR)/CameraMotionLogger.app/CameraMotionLogger";
			};
			name = Debug;
		};
		6A102DF72136F11900833294 /* Release */ = {
			isa = XCBuildConfiguration;
			buildSettings = {
				ALWAYS_EMBED_SWIFT_STANDARD_LIBRARIES = YES;
				BUNDLE_LOADER = "$(TEST_HOST)";
				CODE_SIGN_STYLE = Automatic;
				DEVELOPMENT_TEAM = N6N8CYNMB4;
				INFOPLIST_FILE = CameraMotionLoggerTests/Info.plist;
				LD_RUNPATH_SEARCH_PATHS = (
					"$(inherited)",
					"@executable_path/Frameworks",
					"@loader_path/Frameworks",
				);
				PRODUCT_BUNDLE_IDENTIFIER = Kitware.CameraMotionLoggerTests;
				PRODUCT_NAME = "$(TARGET_NAME)";
				SWIFT_VERSION = 4.0;
				TARGETED_DEVICE_FAMILY = "1,2";
				TEST_HOST = "$(BUILT_PRODUCTS_DIR)/CameraMotionLogger.app/CameraMotionLogger";
			};
			name = Release;
		};
		6A102DF92136F11900833294 /* Debug */ = {
			isa = XCBuildConfiguration;
			buildSettings = {
				ALWAYS_EMBED_SWIFT_STANDARD_LIBRARIES = YES;
				CODE_SIGN_STYLE = Automatic;
				DEVELOPMENT_TEAM = N6N8CYNMB4;
				INFOPLIST_FILE = CameraMotionLoggerUITests/Info.plist;
				LD_RUNPATH_SEARCH_PATHS = (
					"$(inherited)",
					"@executable_path/Frameworks",
					"@loader_path/Frameworks",
				);
				PRODUCT_BUNDLE_IDENTIFIER = Kitware.CameraMotionLoggerUITests;
				PRODUCT_NAME = "$(TARGET_NAME)";
				SWIFT_VERSION = 4.0;
				TARGETED_DEVICE_FAMILY = "1,2";
				TEST_TARGET_NAME = CameraMotionLogger;
			};
			name = Debug;
		};
		6A102DFA2136F11900833294 /* Release */ = {
			isa = XCBuildConfiguration;
			buildSettings = {
				ALWAYS_EMBED_SWIFT_STANDARD_LIBRARIES = YES;
				CODE_SIGN_STYLE = Automatic;
				DEVELOPMENT_TEAM = N6N8CYNMB4;
				INFOPLIST_FILE = CameraMotionLoggerUITests/Info.plist;
				LD_RUNPATH_SEARCH_PATHS = (
					"$(inherited)",
					"@executable_path/Frameworks",
					"@loader_path/Frameworks",
				);
				PRODUCT_BUNDLE_IDENTIFIER = Kitware.CameraMotionLoggerUITests;
				PRODUCT_NAME = "$(TARGET_NAME)";
				SWIFT_VERSION = 4.0;
				TARGETED_DEVICE_FAMILY = "1,2";
				TEST_TARGET_NAME = CameraMotionLogger;
			};
			name = Release;
		};
/* End XCBuildConfiguration section */

/* Begin XCConfigurationList section */
		6A102DC52136F11600833294 /* Build configuration list for PBXProject "CameraMotionLogger" */ = {
			isa = XCConfigurationList;
			buildConfigurations = (
				6A102DF02136F11900833294 /* Debug */,
				6A102DF12136F11900833294 /* Release */,
			);
			defaultConfigurationIsVisible = 0;
			defaultConfigurationName = Release;
		};
		6A102DF22136F11900833294 /* Build configuration list for PBXNativeTarget "CameraMotionLogger" */ = {
			isa = XCConfigurationList;
			buildConfigurations = (
				6A102DF32136F11900833294 /* Debug */,
				6A102DF42136F11900833294 /* Release */,
			);
			defaultConfigurationIsVisible = 0;
			defaultConfigurationName = Release;
		};
		6A102DF52136F11900833294 /* Build configuration list for PBXNativeTarget "CameraMotionLoggerTests" */ = {
			isa = XCConfigurationList;
			buildConfigurations = (
				6A102DF62136F11900833294 /* Debug */,
				6A102DF72136F11900833294 /* Release */,
			);
			defaultConfigurationIsVisible = 0;
			defaultConfigurationName = Release;
		};
		6A102DF82136F11900833294 /* Build configuration list for PBXNativeTarget "CameraMotionLoggerUITests" */ = {
			isa = XCConfigurationList;
			buildConfigurations = (
				6A102DF92136F11900833294 /* Debug */,
				6A102DFA2136F11900833294 /* Release */,
			);
			defaultConfigurationIsVisible = 0;
			defaultConfigurationName = Release;
		};
/* End XCConfigurationList section */
	};
	rootObject = 6A102DC22136F11600833294 /* Project object */;
}
